
Microsoft Visual Studio Solution File, Format Version 12.00
# Visual Studio Version 17
VisualStudioVersion = 17.7.34024.191
MinimumVisualStudioVersion = 10.0.40219.1
Project("{9A19103F-16F7-4668-BE54-9A1E7A4F7556}") = "ContatoMVC", "ContatoMVC\ContatoMVC.csproj", "{77E8A3E6-9F94-4B87-BF6D-8904A111C044}"
EndProject
Global
	GlobalSection(SolutionConfigurationPlatforms) = preSolution
		Debug|Any CPU = Debug|Any CPU
		Release|Any CPU = Release|Any CPU
	EndGlobalSection
	GlobalSection(ProjectConfigurationPlatforms) = postSolution
		{77E8A3E6-9F94-4B87-BF6D-8904A111C044}.Debug|Any CPU.ActiveCfg = Debug|Any CPU
		{77E8A3E6-9F94-4B87-BF6D-8904A111C044}.Debug|Any CPU.Build.0 = Debug|Any CPU
		{77E8A3E6-9F94-4B87-BF6D-8904A111C044}.Release|Any CPU.ActiveCfg = Release|Any CPU
		{77E8A3E6-9F94-4B87-BF6D-8904A111C044}.Release|Any CPU.Build.0 = Release|Any CPU
	EndGlobalSection
	GlobalSection(SolutionProperties) = preSolution
		HideSolutionNode = FALSE
	EndGlobalSection
	GlobalSection(ExtensibilityGlobals) = postSolution
		SolutionGuid = {3DF21B2D-0611-4606-B2CD-DD2F71352CBB}
	EndGlobalSection
EndGlobal
